
Microsoft Visual Studio Solution File, Format Version 12.00
# Visual Studio Version 17
VisualStudioVersion = 17.2.32630.192
MinimumVisualStudioVersion = 10.0.40219.1
Project("{FAE04EC0-301F-11D3-BF4B-00C04F79EFBC}") = "WebStoreAPI", "WebStoreAPI\WebStoreAPI.csproj", "{31DCB9AC-0E96-4076-9FCE-D10C1C111F18}"
EndProject
Global
	GlobalSection(SolutionConfigurationPlatforms) = preSolution
		Debug|Any CPU = Debug|Any CPU
		Release|Any CPU = Release|Any CPU
	EndGlobalSection
	GlobalSection(ProjectConfigurationPlatforms) = postSolution
		{31DCB9AC-0E96-4076-9FCE-D10C1C111F18}.Debug|Any CPU.ActiveCfg = Debug|Any CPU
		{31DCB9AC-0E96-4076-9FCE-D10C1C111F18}.Debug|Any CPU.Build.0 = Debug|Any CPU
		{31DCB9AC-0E96-4076-9FCE-D10C1C111F18}.Release|Any CPU.ActiveCfg = Release|Any CPU
		{31DCB9AC-0E96-4076-9FCE-D10C1C111F18}.Release|Any CPU.Build.0 = Release|Any CPU
	EndGlobalSection
	GlobalSection(SolutionProperties) = preSolution
		HideSolutionNode = FALSE
	EndGlobalSection
	GlobalSection(ExtensibilityGlobals) = postSolution
		SolutionGuid = {953B6D89-1C7B-4F29-AFF9-0B5E80DCDD64}
	EndGlobalSection
EndGlobal
